
Microsoft Visual Studio Solution File, Format Version 12.00
# Visual Studio 15
VisualStudioVersion = 15.0.27703.2026
MinimumVisualStudioVersion = 10.0.40219.1
Project("{FAE04EC0-301F-11D3-BF4B-00C04F79EFBC}") = "VSIXWechatOL", "VSIXWechatOL.csproj", "{55879827-BB5D-4F62-9A5B-A4E9603D39AA}"
EndProject
Project("{FAE04EC0-301F-11D3-BF4B-00C04F79EFBC}") = "SmartXCore", "..\SmartXCore\SmartXCore.csproj", "{DF013FBA-A2E7-4CC4-B2FB-1ED5F3DB88DD}"
EndProject
Global
	GlobalSection(SolutionConfigurationPlatforms) = preSolution
		Debug|Any CPU = Debug|Any CPU
		Release|Any CPU = Release|Any CPU
	EndGlobalSection
	GlobalSection(ProjectConfigurationPlatforms) = postSolution
		{55879827-BB5D-4F62-9A5B-A4E9603D39AA}.Debug|Any CPU.ActiveCfg = Debug|Any CPU
		{55879827-BB5D-4F62-9A5B-A4E9603D39AA}.Debug|Any CPU.Build.0 = Debug|Any CPU
		{55879827-BB5D-4F62-9A5B-A4E9603D39AA}.Release|Any CPU.ActiveCfg = Release|Any CPU
		{55879827-BB5D-4F62-9A5B-A4E9603D39AA}.Release|Any CPU.Build.0 = Release|Any CPU
		{DF013FBA-A2E7-4CC4-B2FB-1ED5F3DB88DD}.Debug|Any CPU.ActiveCfg = Debug|Any CPU
		{DF013FBA-A2E7-4CC4-B2FB-1ED5F3DB88DD}.Debug|Any CPU.Build.0 = Debug|Any CPU
		{DF013FBA-A2E7-4CC4-B2FB-1ED5F3DB88DD}.Release|Any CPU.ActiveCfg = Release|Any CPU
		{DF013FBA-A2E7-4CC4-B2FB-1ED5F3DB88DD}.Release|Any CPU.Build.0 = Release|Any CPU
	EndGlobalSection
	GlobalSection(SolutionProperties) = preSolution
		HideSolutionNode = FALSE
	EndGlobalSection
	GlobalSection(ExtensibilityGlobals) = postSolution
		SolutionGuid = {1EE518DF-65A2-4EC6-8FA7-DABCF9968119}
	EndGlobalSection
EndGlobal
